
Microsoft Visual Studio Solution File, Format Version 12.00
# Visual Studio 15
VisualStudioVersion = 15.0.28307.136
MinimumVisualStudioVersion = 10.0.40219.1
Project("{8BC9CEB8-8B4A-11D0-8D11-00A0C91BC942}") = "LillaSpelprojektet", "LillaSpelprojektet\LillaSpelprojektet.vcxproj", "{B681061F-8C18-49F8-8A7D-E8F830031812}"
EndProject
Global
	GlobalSection(SolutionConfigurationPlatforms) = preSolution
		Debug|x64 = Debug|x64
		Debug|x86 = Debug|x86
		Release|x64 = Release|x64
		Release|x86 = Release|x86
	EndGlobalSection
	GlobalSection(ProjectConfigurationPlatforms) = postSolution
		{B681061F-8C18-49F8-8A7D-E8F830031812}.Debug|x64.ActiveCfg = Debug|x64
		{B681061F-8C18-49F8-8A7D-E8F830031812}.Debug|x64.Build.0 = Debug|x64
		{B681061F-8C18-49F8-8A7D-E8F830031812}.Debug|x86.ActiveCfg = Debug|Win32
		{B681061F-8C18-49F8-8A7D-E8F830031812}.Debug|x86.Build.0 = Debug|Win32
		{B681061F-8C18-49F8-8A7D-E8F830031812}.Release|x64.ActiveCfg = Release|x64
		{B681061F-8C18-49F8-8A7D-E8F830031812}.Release|x64.Build.0 = Release|x64
		{B681061F-8C18-49F8-8A7D-E8F830031812}.Release|x86.ActiveCfg = Release|Win32
		{B681061F-8C18-49F8-8A7D-E8F830031812}.Release|x86.Build.0 = Release|Win32
	EndGlobalSection
	GlobalSection(SolutionProperties) = preSolution
		HideSolutionNode = FALSE
	EndGlobalSection
	GlobalSection(ExtensibilityGlobals) = postSolution
		SolutionGuid = {41432F84-B984-4000-83A1-E6901E7B8942}
	EndGlobalSection
EndGlobal
